
Microsoft Visual Studio Solution File, Format Version 12.00
# Visual Studio 2013
VisualStudioVersion = 12.0.40629.0
MinimumVisualStudioVersion = 10.0.40219.1
Project("{8BC9CEB8-8B4A-11D0-8D11-00A0C91BC942}") = "lesson1_pow2textures", "opengl\lesson1_pow2textures\lesson1_pow2textures.vcxproj", "{44559F6B-A8DB-4245-81DB-8052B0C8EF2C}"
EndProject
Project("{8BC9CEB8-8B4A-11D0-8D11-00A0C91BC942}") = "freeglut", "3rdparty\freeglut-2.8.1\VisualStudio\2013\freeglut.vcxproj", "{1AE4E979-0D35-4747-BF8E-DD60358F49DB}"
EndProject
Project("{8BC9CEB8-8B4A-11D0-8D11-00A0C91BC942}") = "glew_static", "3rdparty\glew-1.13.0\build\vc13\glew_static.vcxproj", "{664E6F0D-6784-4760-9565-D54F8EB1EDF4}"
EndProject
Project("{8BC9CEB8-8B4A-11D0-8D11-00A0C91BC942}") = "loadPNG", "3rdparty\lodepng-master\vs13\loadPNG.vcxproj", "{FC895D2E-7DED-4B19-BF69-17A570E57AC9}"
EndProject
Project("{2150E333-8FDC-42A3-9474-1A3956D46DE8}") = "3rdParty", "3rdParty", "{49457B4E-960D-4699-8180-75B31CE90ABD}"
EndProject
Project("{8BC9CEB8-8B4A-11D0-8D11-00A0C91BC942}") = "lesson2_textureFormat", "opengl\lesson2_textureFormat\lesson2_textureFormat.vcxproj", "{87B3ADBA-27A6-4423-B0A1-B4ABF501AF21}"
EndProject
Project("{8BC9CEB8-8B4A-11D0-8D11-00A0C91BC942}") = "lesson3_textureVsImage", "opengl\lesson3_textureVsImage\lesson3_textureVsImage.vcxproj", "{6249592B-1A77-4AD5-BBA1-D3732E7E3E36}"
EndProject
Project("{8BC9CEB8-8B4A-11D0-8D11-00A0C91BC942}") = "lesson5_fboSwitching", "opengl\lesson5_fboSwitching\lesson5_fboSwitching.vcxproj", "{CF3979C4-8E8E-4CAD-9E29-5A988A63F158}"
EndProject
Project("{8BC9CEB8-8B4A-11D0-8D11-00A0C91BC942}") = "lesson6_gpuCpuSync", "opengl\lesson6_gpuCpuSynchronization\lesson6_gpuCpuSync.vcxproj", "{F2B14E4C-EB61-4D67-B34D-7CC9B5D8433C}"
EndProject
Project("{8BC9CEB8-8B4A-11D0-8D11-00A0C91BC942}") = "lesson4_ACBvsSSBO", "opengl\lesson4_ACBvsSSBO\lesson4_ACBvsSSBO.vcxproj", "{15F5758F-3945-427E-8875-FA8B2CD135F6}"
EndProject
Global
	GlobalSection(SolutionConfigurationPlatforms) = preSolution
		Debug MX|Win32 = Debug MX|Win32
		Debug MX|x64 = Debug MX|x64
		Debug_Static|Win32 = Debug_Static|Win32
		Debug_Static|x64 = Debug_Static|x64
		Debug|Win32 = Debug|Win32
		Debug|x64 = Debug|x64
		Release MX|Win32 = Release MX|Win32
		Release MX|x64 = Release MX|x64
		Release_Static|Win32 = Release_Static|Win32
		Release_Static|x64 = Release_Static|x64
		Release|Win32 = Release|Win32
		Release|x64 = Release|x64
	EndGlobalSection
	GlobalSection(ProjectConfigurationPlatforms) = postSolution
		{44559F6B-A8DB-4245-81DB-8052B0C8EF2C}.Debug MX|Win32.ActiveCfg = Debug|Win32
		{44559F6B-A8DB-4245-81DB-8052B0C8EF2C}.Debug MX|Win32.Build.0 = Debug|Win32
		{44559F6B-A8DB-4245-81DB-8052B0C8EF2C}.Debug MX|x64.ActiveCfg = Debug|Win32
		{44559F6B-A8DB-4245-81DB-8052B0C8EF2C}.Debug_Static|Win32.ActiveCfg = Debug|Win32
		{44559F6B-A8DB-4245-81DB-8052B0C8EF2C}.Debug_Static|Win32.Build.0 = Debug|Win32
		{44559F6B-A8DB-4245-81DB-8052B0C8EF2C}.Debug_Static|x64.ActiveCfg = Debug|Win32
		{44559F6B-A8DB-4245-81DB-8052B0C8EF2C}.Debug|Win32.ActiveCfg = Debug|Win32
		{44559F6B-A8DB-4245-81DB-8052B0C8EF2C}.Debug|Win32.Build.0 = Debug|Win32
		{44559F6B-A8DB-4245-81DB-8052B0C8EF2C}.Debug|x64.ActiveCfg = Debug|Win32
		{44559F6B-A8DB-4245-81DB-8052B0C8EF2C}.Release MX|Win32.ActiveCfg = Release|Win32
		{44559F6B-A8DB-4245-81DB-8052B0C8EF2C}.Release MX|Win32.Build.0 = Release|Win32
		{44559F6B-A8DB-4245-81DB-8052B0C8EF2C}.Release MX|x64.ActiveCfg = Release|Win32
		{44559F6B-A8DB-4245-81DB-8052B0C8EF2C}.Release_Static|Win32.ActiveCfg = Release|Win32
		{44559F6B-A8DB-4245-81DB-8052B0C8EF2C}.Release_Static|Win32.Build.0 = Release|Win32
		{44559F6B-A8DB-4245-81DB-8052B0C8EF2C}.Release_Static|x64.ActiveCfg = Release|Win32
		{44559F6B-A8DB-4245-81DB-8052B0C8EF2C}.Release|Win32.ActiveCfg = Release|Win32
		{44559F6B-A8DB-4245-81DB-8052B0C8EF2C}.Release|Win32.Build.0 = Release|Win32
		{44559F6B-A8DB-4245-81DB-8052B0C8EF2C}.Release|x64.ActiveCfg = Release|Win32
		{1AE4E979-0D35-4747-BF8E-DD60358F49DB}.Debug MX|Win32.ActiveCfg = Debug_Static|Win32
		{1AE4E979-0D35-4747-BF8E-DD60358F49DB}.Debug MX|Win32.Build.0 = Debug_Static|Win32
		{1AE4E979-0D35-4747-BF8E-DD60358F49DB}.Debug MX|x64.ActiveCfg = Debug_Static|x64
		{1AE4E979-0D35-4747-BF8E-DD60358F49DB}.Debug MX|x64.Build.0 = Debug_Static|x64
		{1AE4E979-0D35-4747-BF8E-DD60358F49DB}.Debug_Static|Win32.ActiveCfg = Debug_Static|Win32
		{1AE4E979-0D35-4747-BF8E-DD60358F49DB}.Debug_Static|Win32.Build.0 = Debug_Static|Win32
		{1AE4E979-0D35-4747-BF8E-DD60358F49DB}.Debug_Static|x64.ActiveCfg = Debug_Static|x64
		{1AE4E979-0D35-4747-BF8E-DD60358F49DB}.Debug_Static|x64.Build.0 = Debug_Static|x64
		{1AE4E979-0D35-4747-BF8E-DD60358F49DB}.Debug|Win32.ActiveCfg = Debug_Static|Win32
		{1AE4E979-0D35-4747-BF8E-DD60358F49DB}.Debug|Win32.Build.0 = Debug_Static|Win32
		{1AE4E979-0D35-4747-BF8E-DD60358F49DB}.Debug|x64.ActiveCfg = Debug|x64
		{1AE4E979-0D35-4747-BF8E-DD60358F49DB}.Debug|x64.Build.0 = Debug|x64
		{1AE4E979-0D35-4747-BF8E-DD60358F49DB}.Release MX|Win32.ActiveCfg = Release_Static|Win32
		{1AE4E979-0D35-4747-BF8E-DD60358F49DB}.Release MX|Win32.Build.0 = Release_Static|Win32
		{1AE4E979-0D35-4747-BF8E-DD60358F49DB}.Release MX|x64.ActiveCfg = Release_Static|x64
		{1AE4E979-0D35-4747-BF8E-DD60358F49DB}.Release MX|x64.Build.0 = Release_Static|x64
		{1AE4E979-0D35-4747-BF8E-DD60358F49DB}.Release_Static|Win32.ActiveCfg = Release_Static|Win32
		{1AE4E979-0D35-4747-BF8E-DD60358F49DB}.Release_Static|Win32.Build.0 = Release_Static|Win32
		{1AE4E979-0D35-4747-BF8E-DD60358F49DB}.Release_Static|x64.ActiveCfg = Release_Static|x64
		{1AE4E979-0D35-4747-BF8E-DD60358F49DB}.Release_Static|x64.Build.0 = Release_Static|x64
		{1AE4E979-0D35-4747-BF8E-DD60358F49DB}.Release|Win32.ActiveCfg = Release_Static|Win32
		{1AE4E979-0D35-4747-BF8E-DD60358F49DB}.Release|Win32.Build.0 = Release_Static|Win32
		{1AE4E979-0D35-4747-BF8E-DD60358F49DB}.Release|x64.ActiveCfg = Release|x64
		{1AE4E979-0D35-4747-BF8E-DD60358F49DB}.Release|x64.Build.0 = Release|x64
		{664E6F0D-6784-4760-9565-D54F8EB1EDF4}.Debug MX|Win32.ActiveCfg = Debug MX|Win32
		{664E6F0D-6784-4760-9565-D54F8EB1EDF4}.Debug MX|Win32.Build.0 = Debug MX|Win32
		{664E6F0D-6784-4760-9565-D54F8EB1EDF4}.Debug MX|x64.ActiveCfg = Debug MX|x64
		{664E6F0D-6784-4760-9565-D54F8EB1EDF4}.Debug MX|x64.Build.0 = Debug MX|x64
		{664E6F0D-6784-4760-9565-D54F8EB1EDF4}.Debug_Static|Win32.ActiveCfg = Debug MX|Win32
		{664E6F0D-6784-4760-9565-D54F8EB1EDF4}.Debug_Static|Win32.Build.0 = Debug MX|Win32
		{664E6F0D-6784-4760-9565-D54F8EB1EDF4}.Debug_Static|x64.ActiveCfg = Debug MX|x64
		{664E6F0D-6784-4760-9565-D54F8EB1EDF4}.Debug_Static|x64.Build.0 = Debug MX|x64
		{664E6F0D-6784-4760-9565-D54F8EB1EDF4}.Debug|Win32.ActiveCfg = Debug|Win32
		{664E6F0D-6784-4760-9565-D54F8EB1EDF4}.Debug|Win32.Build.0 = Debug|Win32
		{664E6F0D-6784-4760-9565-D54F8EB1EDF4}.Debug|x64.ActiveCfg = Debug|x64
		{664E6F0D-6784-4760-9565-D54F8EB1EDF4}.Debug|x64.Build.0 = Debug|x64
		{664E6F0D-6784-4760-9565-D54F8EB1EDF4}.Release MX|Win32.ActiveCfg = Release MX|Win32
		{664E6F0D-6784-4760-9565-D54F8EB1EDF4}.Release MX|Win32.Build.0 = Release MX|Win32
		{664E6F0D-6784-4760-9565-D54F8EB1EDF4}.Release MX|x64.ActiveCfg = Release MX|x64
		{664E6F0D-6784-4760-9565-D54F8EB1EDF4}.Release MX|x64.Build.0 = Release MX|x64
		{664E6F0D-6784-4760-9565-D54F8EB1EDF4}.Release_Static|Win32.ActiveCfg = Release MX|Win32
		{664E6F0D-6784-4760-9565-D54F8EB1EDF4}.Release_Static|Win32.Build.0 = Release MX|Win32
		{664E6F0D-6784-4760-9565-D54F8EB1EDF4}.Release_Static|x64.ActiveCfg = Release MX|x64
		{664E6F0D-6784-4760-9565-D54F8EB1EDF4}.Release_Static|x64.Build.0 = Release MX|x64
		{664E6F0D-6784-4760-9565-D54F8EB1EDF4}.Release|Win32.ActiveCfg = Release|Win32
		{664E6F0D-6784-4760-9565-D54F8EB1EDF4}.Release|Win32.Build.0 = Release|Win32
		{664E6F0D-6784-4760-9565-D54F8EB1EDF4}.Release|x64.ActiveCfg = Release|x64
		{664E6F0D-6784-4760-9565-D54F8EB1EDF4}.Release|x64.Build.0 = Release|x64
		{FC895D2E-7DED-4B19-BF69-17A570E57AC9}.Debug MX|Win32.ActiveCfg = Debug|Win32
		{FC895D2E-7DED-4B19-BF69-17A570E57AC9}.Debug MX|Win32.Build.0 = Debug|Win32
		{FC895D2E-7DED-4B19-BF69-17A570E57AC9}.Debug MX|x64.ActiveCfg = Debug|Win32
		{FC895D2E-7DED-4B19-BF69-17A570E57AC9}.Debug_Static|Win32.ActiveCfg = Debug|Win32
		{FC895D2E-7DED-4B19-BF69-17A570E57AC9}.Debug_Static|Win32.Build.0 = Debug|Win32
		{FC895D2E-7DED-4B19-BF69-17A570E57AC9}.Debug_Static|x64.ActiveCfg = Debug|Win32
		{FC895D2E-7DED-4B19-BF69-17A570E57AC9}.Debug|Win32.ActiveCfg = Debug|Win32
		{FC895D2E-7DED-4B19-BF69-17A570E57AC9}.Debug|Win32.Build.0 = Debug|Win32
		{FC895D2E-7DED-4B19-BF69-17A570E57AC9}.Debug|x64.ActiveCfg = Debug|Win32
		{FC895D2E-7DED-4B19-BF69-17A570E57AC9}.Release MX|Win32.ActiveCfg = Release|Win32
		{FC895D2E-7DED-4B19-BF69-17A570E57AC9}.Release MX|Win32.Build.0 = Release|Win32
		{FC895D2E-7DED-4B19-BF69-17A570E57AC9}.Release MX|x64.ActiveCfg = Release|Win32
		{FC895D2E-7DED-4B19-BF69-17A570E57AC9}.Release_Static|Win32.ActiveCfg = Release|Win32
		{FC895D2E-7DED-4B19-BF69-17A570E57AC9}.Release_Static|Win32.Build.0 = Release|Win32
		{FC895D2E-7DED-4B19-BF69-17A570E57AC9}.Release_Static|x64.ActiveCfg = Release|Win32
		{FC895D2E-7DED-4B19-BF69-17A570E57AC9}.Release|Win32.ActiveCfg = Release|Win32
		{FC895D2E-7DED-4B19-BF69-17A570E57AC9}.Release|Win32.Build.0 = Release|Win32
		{FC895D2E-7DED-4B19-BF69-17A570E57AC9}.Release|x64.ActiveCfg = Release|Win32
		{87B3ADBA-27A6-4423-B0A1-B4ABF501AF21}.Debug MX|Win32.ActiveCfg = Debug|Win32
		{87B3ADBA-27A6-4423-B0A1-B4ABF501AF21}.Debug MX|Win32.Build.0 = Debug|Win32
		{87B3ADBA-27A6-4423-B0A1-B4ABF501AF21}.Debug MX|x64.ActiveCfg = Debug|Win32
		{87B3ADBA-27A6-4423-B0A1-B4ABF501AF21}.Debug_Static|Win32.ActiveCfg = Debug|Win32
		{87B3ADBA-27A6-4423-B0A1-B4ABF501AF21}.Debug_Static|Win32.Build.0 = Debug|Win32
		{87B3ADBA-27A6-4423-B0A1-B4ABF501AF21}.Debug_Static|x64.ActiveCfg = Debug|Win32
		{87B3ADBA-27A6-4423-B0A1-B4ABF501AF21}.Debug|Win32.ActiveCfg = Debug|Win32
		{87B3ADBA-27A6-4423-B0A1-B4ABF501AF21}.Debug|Win32.Build.0 = Debug|Win32
		{87B3ADBA-27A6-4423-B0A1-B4ABF501AF21}.Debug|x64.ActiveCfg = Debug|Win32
		{87B3ADBA-27A6-4423-B0A1-B4ABF501AF21}.Release MX|Win32.ActiveCfg = Release|Win32
		{87B3ADBA-27A6-4423-B0A1-B4ABF501AF21}.Release MX|Win32.Build.0 = Release|Win32
		{87B3ADBA-27A6-4423-B0A1-B4ABF501AF21}.Release MX|x64.ActiveCfg = Release|Win32
		{87B3ADBA-27A6-4423-B0A1-B4ABF501AF21}.Release_Static|Win32.ActiveCfg = Release|Win32
		{87B3ADBA-27A6-4423-B0A1-B4ABF501AF21}.Release_Static|Win32.Build.0 = Release|Win32
		{87B3ADBA-27A6-4423-B0A1-B4ABF501AF21}.Release_Static|x64.ActiveCfg = Release|Win32
		{87B3ADBA-27A6-4423-B0A1-B4ABF501AF21}.Release|Win32.ActiveCfg = Release|Win32
		{87B3ADBA-27A6-4423-B0A1-B4ABF501AF21}.Release|Win32.Build.0 = Release|Win32
		{87B3ADBA-27A6-4423-B0A1-B4ABF501AF21}.Release|x64.ActiveCfg = Release|Win32
		{6249592B-1A77-4AD5-BBA1-D3732E7E3E36}.Debug MX|Win32.ActiveCfg = Debug|Win32
		{6249592B-1A77-4AD5-BBA1-D3732E7E3E36}.Debug MX|Win32.Build.0 = Debug|Win32
		{6249592B-1A77-4AD5-BBA1-D3732E7E3E36}.Debug MX|x64.ActiveCfg = Debug|Win32
		{6249592B-1A77-4AD5-BBA1-D3732E7E3E36}.Debug_Static|Win32.ActiveCfg = Debug|Win32
		{6249592B-1A77-4AD5-BBA1-D3732E7E3E36}.Debug_Static|Win32.Build.0 = Debug|Win32
		{6249592B-1A77-4AD5-BBA1-D3732E7E3E36}.Debug_Static|x64.ActiveCfg = Debug|Win32
		{6249592B-1A77-4AD5-BBA1-D3732E7E3E36}.Debug|Win32.ActiveCfg = Debug|Win32
		{6249592B-1A77-4AD5-BBA1-D3732E7E3E36}.Debug|Win32.Build.0 = Debug|Win32
		{6249592B-1A77-4AD5-BBA1-D3732E7E3E36}.Debug|x64.ActiveCfg = Debug|Win32
		{6249592B-1A77-4AD5-BBA1-D3732E7E3E36}.Release MX|Win32.ActiveCfg = Release|Win32
		{6249592B-1A77-4AD5-BBA1-D3732E7E3E36}.Release MX|Win32.Build.0 = Release|Win32
		{6249592B-1A77-4AD5-BBA1-D3732E7E3E36}.Release MX|x64.ActiveCfg = Release|Win32
		{6249592B-1A77-4AD5-BBA1-D3732E7E3E36}.Release_Static|Win32.ActiveCfg = Release|Win32
		{6249592B-1A77-4AD5-BBA1-D3732E7E3E36}.Release_Static|Win32.Build.0 = Release|Win32
		{6249592B-1A77-4AD5-BBA1-D3732E7E3E36}.Release_Static|x64.ActiveCfg = Release|Win32
		{6249592B-1A77-4AD5-BBA1-D3732E7E3E36}.Release|Win32.ActiveCfg = Release|Win32
		{6249592B-1A77-4AD5-BBA1-D3732E7E3E36}.Release|Win32.Build.0 = Release|Win32
		{6249592B-1A77-4AD5-BBA1-D3732E7E3E36}.Release|x64.ActiveCfg = Release|Win32
		{CF3979C4-8E8E-4CAD-9E29-5A988A63F158}.Debug MX|Win32.ActiveCfg = Debug|Win32
		{CF3979C4-8E8E-4CAD-9E29-5A988A63F158}.Debug MX|Win32.Build.0 = Debug|Win32
		{CF3979C4-8E8E-4CAD-9E29-5A988A63F158}.Debug MX|x64.ActiveCfg = Debug|Win32
		{CF3979C4-8E8E-4CAD-9E29-5A988A63F158}.Debug_Static|Win32.ActiveCfg = Debug|Win32
		{CF3979C4-8E8E-4CAD-9E29-5A988A63F158}.Debug_Static|Win32.Build.0 = Debug|Win32
		{CF3979C4-8E8E-4CAD-9E29-5A988A63F158}.Debug_Static|x64.ActiveCfg = Debug|Win32
		{CF3979C4-8E8E-4CAD-9E29-5A988A63F158}.Debug|Win32.ActiveCfg = Debug|Win32
		{CF3979C4-8E8E-4CAD-9E29-5A988A63F158}.Debug|Win32.Build.0 = Debug|Win32
		{CF3979C4-8E8E-4CAD-9E29-5A988A63F158}.Debug|x64.ActiveCfg = Debug|Win32
		{CF3979C4-8E8E-4CAD-9E29-5A988A63F158}.Release MX|Win32.ActiveCfg = Release|Win32
		{CF3979C4-8E8E-4CAD-9E29-5A988A63F158}.Release MX|Win32.Build.0 = Release|Win32
		{CF3979C4-8E8E-4CAD-9E29-5A988A63F158}.Release MX|x64.ActiveCfg = Release|Win32
		{CF3979C4-8E8E-4CAD-9E29-5A988A63F158}.Release_Static|Win32.ActiveCfg = Release|Win32
		{CF3979C4-8E8E-4CAD-9E29-5A988A63F158}.Release_Static|Win32.Build.0 = Release|Win32
		{CF3979C4-8E8E-4CAD-9E29-5A988A63F158}.Release_Static|x64.ActiveCfg = Release|Win32
		{CF3979C4-8E8E-4CAD-9E29-5A988A63F158}.Release|Win32.ActiveCfg = Release|Win32
		{CF3979C4-8E8E-4CAD-9E29-5A988A63F158}.Release|Win32.Build.0 = Release|Win32
		{CF3979C4-8E8E-4CAD-9E29-5A988A63F158}.Release|x64.ActiveCfg = Release|Win32
		{F2B14E4C-EB61-4D67-B34D-7CC9B5D8433C}.Debug MX|Win32.ActiveCfg = Debug|Win32
		{F2B14E4C-EB61-4D67-B34D-7CC9B5D8433C}.Debug MX|Win32.Build.0 = Debug|Win32
		{F2B14E4C-EB61-4D67-B34D-7CC9B5D8433C}.Debug MX|x64.ActiveCfg = Debug|Win32
		{F2B14E4C-EB61-4D67-B34D-7CC9B5D8433C}.Debug_Static|Win32.ActiveCfg = Debug|Win32
		{F2B14E4C-EB61-4D67-B34D-7CC9B5D8433C}.Debug_Static|Win32.Build.0 = Debug|Win32
		{F2B14E4C-EB61-4D67-B34D-7CC9B5D8433C}.Debug_Static|x64.ActiveCfg = Debug|Win32
		{F2B14E4C-EB61-4D67-B34D-7CC9B5D8433C}.Debug|Win32.ActiveCfg = Debug|Win32
		{F2B14E4C-EB61-4D67-B34D-7CC9B5D8433C}.Debug|Win32.Build.0 = Debug|Win32
		{F2B14E4C-EB61-4D67-B34D-7CC9B5D8433C}.Debug|x64.ActiveCfg = Debug|Win32
		{F2B14E4C-EB61-4D67-B34D-7CC9B5D8433C}.Release MX|Win32.ActiveCfg = Release|Win32
		{F2B14E4C-EB61-4D67-B34D-7CC9B5D8433C}.Release MX|Win32.Build.0 = Release|Win32
		{F2B14E4C-EB61-4D67-B34D-7CC9B5D8433C}.Release MX|x64.ActiveCfg = Release|Win32
		{F2B14E4C-EB61-4D67-B34D-7CC9B5D8433C}.Release_Static|Win32.ActiveCfg = Release|Win32
		{F2B14E4C-EB61-4D67-B34D-7CC9B5D8433C}.Release_Static|Win32.Build.0 = Release|Win32
		{F2B14E4C-EB61-4D67-B34D-7CC9B5D8433C}.Release_Static|x64.ActiveCfg = Release|Win32
		{F2B14E4C-EB61-4D67-B34D-7CC9B5D8433C}.Release|Win32.ActiveCfg = Release|Win32
		{F2B14E4C-EB61-4D67-B34D-7CC9B5D8433C}.Release|Win32.Build.0 = Release|Win32
		{F2B14E4C-EB61-4D67-B34D-7CC9B5D8433C}.Release|x64.ActiveCfg = Release|Win32
		{15F5758F-3945-427E-8875-FA8B2CD135F6}.Debug MX|Win32.ActiveCfg = Debug|Win32
		{15F5758F-3945-427E-8875-FA8B2CD135F6}.Debug MX|Win32.Build.0 = Debug|Win32
		{15F5758F-3945-427E-8875-FA8B2CD135F6}.Debug MX|x64.ActiveCfg = Debug|Win32
		{15F5758F-3945-427E-8875-FA8B2CD135F6}.Debug_Static|Win32.ActiveCfg = Debug|Win32
		{15F5758F-3945-427E-8875-FA8B2CD135F6}.Debug_Static|Win32.Build.0 = Debug|Win32
		{15F5758F-3945-427E-8875-FA8B2CD135F6}.Debug_Static|x64.ActiveCfg = Debug|Win32
		{15F5758F-3945-427E-8875-FA8B2CD135F6}.Debug|Win32.ActiveCfg = Debug|Win32
		{15F5758F-3945-427E-8875-FA8B2CD135F6}.Debug|Win32.Build.0 = Debug|Win32
		{15F5758F-3945-427E-8875-FA8B2CD135F6}.Debug|x64.ActiveCfg = Debug|Win32
		{15F5758F-3945-427E-8875-FA8B2CD135F6}.Release MX|Win32.ActiveCfg = Release|Win32
		{15F5758F-3945-427E-8875-FA8B2CD135F6}.Release MX|Win32.Build.0 = Release|Win32
		{15F5758F-3945-427E-8875-FA8B2CD135F6}.Release MX|x64.ActiveCfg = Release|Win32
		{15F5758F-3945-427E-8875-FA8B2CD135F6}.Release_Static|Win32.ActiveCfg = Release|Win32
		{15F5758F-3945-427E-8875-FA8B2CD135F6}.Release_Static|Win32.Build.0 = Release|Win32
		{15F5758F-3945-427E-8875-FA8B2CD135F6}.Release_Static|x64.ActiveCfg = Release|Win32
		{15F5758F-3945-427E-8875-FA8B2CD135F6}.Release|Win32.ActiveCfg = Release|Win32
		{15F5758F-3945-427E-8875-FA8B2CD135F6}.Release|Win32.Build.0 = Release|Win32
		{15F5758F-3945-427E-8875-FA8B2CD135F6}.Release|x64.ActiveCfg = Release|Win32
	EndGlobalSection
	GlobalSection(SolutionProperties) = preSolution
		HideSolutionNode = FALSE
	EndGlobalSection
	GlobalSection(NestedProjects) = preSolution
		{1AE4E979-0D35-4747-BF8E-DD60358F49DB} = {49457B4E-960D-4699-8180-75B31CE90ABD}
		{664E6F0D-6784-4760-9565-D54F8EB1EDF4} = {49457B4E-960D-4699-8180-75B31CE90ABD}
		{FC895D2E-7DED-4B19-BF69-17A570E57AC9} = {49457B4E-960D-4699-8180-75B31CE90ABD}
	EndGlobalSection
EndGlobal
